
Microsoft Visual Studio Solution File, Format Version 12.00
# Visual Studio 15
VisualStudioVersion = 15.0.27004.2009
MinimumVisualStudioVersion = 10.0.40219.1
Project("{FAE04EC0-301F-11D3-BF4B-00C04F79EFBC}") = "SoftServeITAcademy_Homework_1", "SostServeITAcademy_Homework_1\SoftServeITAcademy_Homework_1.csproj", "{C5EA473A-BDEC-47AE-8DE7-CF8C96FA9F91}"
EndProject
Global
	GlobalSection(SolutionConfigurationPlatforms) = preSolution
		Debug|Any CPU = Debug|Any CPU
		Release|Any CPU = Release|Any CPU
	EndGlobalSection
	GlobalSection(ProjectConfigurationPlatforms) = postSolution
		{C5EA473A-BDEC-47AE-8DE7-CF8C96FA9F91}.Debug|Any CPU.ActiveCfg = Debug|Any CPU
		{C5EA473A-BDEC-47AE-8DE7-CF8C96FA9F91}.Debug|Any CPU.Build.0 = Debug|Any CPU
		{C5EA473A-BDEC-47AE-8DE7-CF8C96FA9F91}.Release|Any CPU.ActiveCfg = Release|Any CPU
		{C5EA473A-BDEC-47AE-8DE7-CF8C96FA9F91}.Release|Any CPU.Build.0 = Release|Any CPU
	EndGlobalSection
	GlobalSection(SolutionProperties) = preSolution
		HideSolutionNode = FALSE
	EndGlobalSection
	GlobalSection(ExtensibilityGlobals) = postSolution
		SolutionGuid = {19647DB2-8B6A-499F-A7CA-7D00E9DEA5CC}
	EndGlobalSection
EndGlobal
